
Microsoft Visual Studio Solution File, Format Version 12.00
# Visual Studio Version 17
VisualStudioVersion = 17.1.32210.238
MinimumVisualStudioVersion = 10.0.40219.1
Project("{FAE04EC0-301F-11D3-BF4B-00C04F79EFBC}") = "DataStructuresWiki2", "DataStructuresWiki2.csproj", "{BA977967-9E3C-44D6-A6FF-5729DBA80A44}"
EndProject
Global
	GlobalSection(SolutionConfigurationPlatforms) = preSolution
		Debug|Any CPU = Debug|Any CPU
		Release|Any CPU = Release|Any CPU
	EndGlobalSection
	GlobalSection(ProjectConfigurationPlatforms) = postSolution
		{BA977967-9E3C-44D6-A6FF-5729DBA80A44}.Debug|Any CPU.ActiveCfg = Debug|Any CPU
		{BA977967-9E3C-44D6-A6FF-5729DBA80A44}.Debug|Any CPU.Build.0 = Debug|Any CPU
		{BA977967-9E3C-44D6-A6FF-5729DBA80A44}.Release|Any CPU.ActiveCfg = Release|Any CPU
		{BA977967-9E3C-44D6-A6FF-5729DBA80A44}.Release|Any CPU.Build.0 = Release|Any CPU
	EndGlobalSection
	GlobalSection(SolutionProperties) = preSolution
		HideSolutionNode = FALSE
	EndGlobalSection
	GlobalSection(ExtensibilityGlobals) = postSolution
		SolutionGuid = {2390F641-AB7A-4619-8212-4AA4D53CFA2F}
	EndGlobalSection
EndGlobal
